{
  "nodes": {
    "nixpkgs": {
      "locked": {
        "lastModified": 1766998315,
        "narHash": "sha256-D3dWvORGUzjjlsUv8E05Xm/+0UAPi9/5zPp0dIz6nAY=",
        "owner": "nixos",
        "repo": "nixpkgs",
        "rev": "5e06f15f2c32a5f1bf6e55ab52c4554d6e5e5b30",
        "type": "github"
      },
      "original": {
        "owner": "nixos",
        "repo": "nixpkgs",
        "type": "github"
      }
    },
    "root": {
      "inputs": {
        "nixpkgs": "nixpkgs"
      }
    }
  },
  "root": "root",
  "version": 7
}
